Microsoft Visual Studio Solution File, Format Version 12.00
# Visual Studio 2012
Project("{FAE04EC0-301F-11D3-BF4B-00C04F79EFBC}") = "GodotSteam_CSharpBindings", "GodotSteam_CSharpBindings.csproj", "{405D0495-B257-4720-9D58-6B6A63E27EBF}"
EndProject
Global
	GlobalSection(SolutionConfigurationPlatforms) = preSolution
	Debug|Any CPU = Debug|Any CPU
	ExportDebug|Any CPU = ExportDebug|Any CPU
	ExportRelease|Any CPU = ExportRelease|Any CPU
	EndGlobalSection
	GlobalSection(ProjectConfigurationPlatforms) = postSolution
		{405D0495-B257-4720-9D58-6B6A63E27EBF}.Debug|Any CPU.ActiveCfg = Debug|Any CPU
		{405D0495-B257-4720-9D58-6B6A63E27EBF}.Debug|Any CPU.Build.0 = Debug|Any CPU
		{405D0495-B257-4720-9D58-6B6A63E27EBF}.ExportDebug|Any CPU.ActiveCfg = ExportDebug|Any CPU
		{405D0495-B257-4720-9D58-6B6A63E27EBF}.ExportDebug|Any CPU.Build.0 = ExportDebug|Any CPU
		{405D0495-B257-4720-9D58-6B6A63E27EBF}.ExportRelease|Any CPU.ActiveCfg = ExportRelease|Any CPU
		{405D0495-B257-4720-9D58-6B6A63E27EBF}.ExportRelease|Any CPU.Build.0 = ExportRelease|Any CPU
	EndGlobalSection
EndGlobal
