Microsoft Visual Studio Solution File, Format Version 12.00
# Visual Studio 2012
Project("{FAE04EC0-301F-11D3-BF4B-00C04F79EFBC}") = "GodotSteamBindings", "GodotSteamBindings.csproj", "{CF138874-5E11-471B-AADD-1AF82C084382}"
EndProject
Global
	GlobalSection(SolutionConfigurationPlatforms) = preSolution
	Debug|Any CPU = Debug|Any CPU
	ExportDebug|Any CPU = ExportDebug|Any CPU
	ExportRelease|Any CPU = ExportRelease|Any CPU
	EndGlobalSection
	GlobalSection(ProjectConfigurationPlatforms) = postSolution
		{CF138874-5E11-471B-AADD-1AF82C084382}.Debug|Any CPU.ActiveCfg = Debug|Any CPU
		{CF138874-5E11-471B-AADD-1AF82C084382}.Debug|Any CPU.Build.0 = Debug|Any CPU
		{CF138874-5E11-471B-AADD-1AF82C084382}.ExportDebug|Any CPU.ActiveCfg = ExportDebug|Any CPU
		{CF138874-5E11-471B-AADD-1AF82C084382}.ExportDebug|Any CPU.Build.0 = ExportDebug|Any CPU
		{CF138874-5E11-471B-AADD-1AF82C084382}.ExportRelease|Any CPU.ActiveCfg = ExportRelease|Any CPU
		{CF138874-5E11-471B-AADD-1AF82C084382}.ExportRelease|Any CPU.Build.0 = ExportRelease|Any CPU
	EndGlobalSection
EndGlobal
